
Microsoft Visual Studio Solution File, Format Version 12.00
# Visual Studio 15
VisualStudioVersion = 15.0.28307.136
MinimumVisualStudioVersion = 10.0.40219.1
Project("{FAE04EC0-301F-11D3-BF4B-00C04F79EFBC}") = "DeviceManagement", "DeviceManagement\DeviceManagement.csproj", "{56EF7C52-E28C-4398-BF72-D2483CBE9406}"
EndProject
Global
	GlobalSection(SolutionConfigurationPlatforms) = preSolution
		Debug|Any CPU = Debug|Any CPU
		Release|Any CPU = Release|Any CPU
	EndGlobalSection
	GlobalSection(ProjectConfigurationPlatforms) = postSolution
		{56EF7C52-E28C-4398-BF72-D2483CBE9406}.Debug|Any CPU.ActiveCfg = Debug|Any CPU
		{56EF7C52-E28C-4398-BF72-D2483CBE9406}.Debug|Any CPU.Build.0 = Debug|Any CPU
		{56EF7C52-E28C-4398-BF72-D2483CBE9406}.Release|Any CPU.ActiveCfg = Release|Any CPU
		{56EF7C52-E28C-4398-BF72-D2483CBE9406}.Release|Any CPU.Build.0 = Release|Any CPU
	EndGlobalSection
	GlobalSection(SolutionProperties) = preSolution
		HideSolutionNode = FALSE
	EndGlobalSection
	GlobalSection(ExtensibilityGlobals) = postSolution
		SolutionGuid = {20B4DAEC-7FF9-46D1-87EF-C3F5254CD085}
	EndGlobalSection
EndGlobal
